{
    "version": 3,
    "terraform_version": "0.9.1",
    "serial": 12,
    "lineage": "15ccbc2f-9e12-4c4e-81e6-5d619adfd31e",
    "modules": [
        {
            "path": [
                "root"
            ],
            "outputs": {
                "Name": {
                    "sensitive": false,
                    "type": "string",
                    "value": "grafino_tf"
                },
                "Public ip": {
                    "sensitive": false,
                    "type": "string",
                    "value": "178.62.12.37"
                }
            },
            "resources": {
                "digitalocean_droplet.grafino_tf": {
                    "type": "digitalocean_droplet",
                    "depends_on": [
                        "digitalocean_tag.grafino_tf"
                    ],
                    "primary": {
                        "id": "43934795",
                        "attributes": {
                            "backups": "false",
                            "disk": "20",
                            "id": "43934795",
                            "image": "18325354",
                            "ipv4_address": "178.62.12.37",
                            "ipv6": "false",
                            "locked": "false",
                            "name": "grafino_tf",
                            "private_networking": "false",
                            "region": "lon1",
                            "resize_disk": "true",
                            "size": "512mb",
                            "ssh_keys.#": "1",
                            "ssh_keys.0": "5343154",
                            "status": "active",
                            "tags.#": "1",
                            "tags.0": "grafino",
                            "vcpus": "1"
                        },
                        "meta": {},
                        "tainted": false
                    },
                    "deposed": [],
                    "provider": ""
                },
                "digitalocean_tag.grafino_tf": {
                    "type": "digitalocean_tag",
                    "depends_on": [],
                    "primary": {
                        "id": "grafino",
                        "attributes": {
                            "id": "grafino",
                            "name": "grafino"
                        },
                        "meta": {},
                        "tainted": false
                    },
                    "deposed": [],
                    "provider": ""
                }
            },
            "depends_on": []
        }
    ]
}
